<?xml version="1.0" encoding="utf-8"?>
<Project ToolsVersion="4.0" xmlns="http://schemas.microsoft.com/developer/msbuild/2003">
  <ItemGroup>
    <Filter Include="Creatures">
      <UniqueIdentifier>{737C72ED-DFE6-2664-2825-D80994CE04B9}</UniqueIdentifier>
    </Filter>
    <Filter Include="Weapon">
      <UniqueIdentifier>{4F9A2ADA-3B3C-55B0-24F7-68041038DC00}</UniqueIdentifier>
    </Filter>
  </ItemGroup>
  <ItemGroup>
    <ClInclude Include="src\Creatures\Creature.h">
      <Filter>Creatures</Filter>
    </ClInclude>
    <ClInclude Include="src\Creatures\Player.h">
      <Filter>Creatures</Filter>
    </ClInclude>
    <ClInclude Include="src\Layer2D.h" />
    <ClInclude Include="src\Weapon\Armory.h">
      <Filter>Weapon</Filter>
    </ClInclude>
    <ClInclude Include="src\Weapon\WeaponIntarface.h">
      <Filter>Weapon</Filter>
    </ClInclude>
    <ClInclude Include="src\Weapon\WeaponModels.h">
      <Filter>Weapon</Filter>
    </ClInclude>
  </ItemGroup>
  <ItemGroup>
    <ClCompile Include="src\Creatures\Creature.cpp">
      <Filter>Creatures</Filter>
    </ClCompile>
    <ClCompile Include="src\Creatures\Player.cpp">
      <Filter>Creatures</Filter>
    </ClCompile>
    <ClCompile Include="src\Layer2D.cpp" />
    <ClCompile Include="src\StillAliveApp.cpp" />
    <ClCompile Include="src\Weapon\Armory.cpp">
      <Filter>Weapon</Filter>
    </ClCompile>
  </ItemGroup>
</Project>